
Microsoft Visual Studio Solution File, Format Version 12.00
Project("{FAE04EC0-301F-11D3-BF4B-00C04F79EFBC}") = "report", "report.csproj", "{B19999F9-CB77-444D-B7C7-226E8051E05A}"
EndProject
Global
	GlobalSection(SolutionConfigurationPlatforms) = preSolution
		Debug|Any CPU = Debug|Any CPU
		Release|Any CPU = Release|Any CPU
	EndGlobalSection
	GlobalSection(ProjectConfigurationPlatforms) = postSolution
		{B19999F9-CB77-444D-B7C7-226E8051E05A}.Debug|Any CPU.ActiveCfg = Debug|Any CPU
		{B19999F9-CB77-444D-B7C7-226E8051E05A}.Debug|Any CPU.Build.0 = Debug|Any CPU
		{B19999F9-CB77-444D-B7C7-226E8051E05A}.Release|Any CPU.ActiveCfg = Release|Any CPU
		{B19999F9-CB77-444D-B7C7-226E8051E05A}.Release|Any CPU.Build.0 = Release|Any CPU
	EndGlobalSection
EndGlobal
